Microsoft Visual Studio Solution File, Format Version 12.00
# Visual Studio Version 17
VisualStudioVersion = 17.5.2.0
MinimumVisualStudioVersion = 10.0.40219.1
Project("{FAE04EC0-301F-11D3-BF4B-00C04F79EFBC}") = "OracleDbaWeb", "OracleDbaWeb.csproj", "{EF441BF4-F976-D986-304B-C43C07946436}"
EndProject
Global
	GlobalSection(SolutionConfigurationPlatforms) = preSolution
		Debug|Any CPU = Debug|Any CPU
		Release|Any CPU = Release|Any CPU
	EndGlobalSection
	GlobalSection(ProjectConfigurationPlatforms) = postSolution
		{EF441BF4-F976-D986-304B-C43C07946436}.Debug|Any CPU.ActiveCfg = Debug|Any CPU
		{EF441BF4-F976-D986-304B-C43C07946436}.Debug|Any CPU.Build.0 = Debug|Any CPU
		{EF441BF4-F976-D986-304B-C43C07946436}.Release|Any CPU.ActiveCfg = Release|Any CPU
		{EF441BF4-F976-D986-304B-C43C07946436}.Release|Any CPU.Build.0 = Release|Any CPU
	EndGlobalSection
	GlobalSection(SolutionProperties) = preSolution
		HideSolutionNode = FALSE
	EndGlobalSection
	GlobalSection(ExtensibilityGlobals) = postSolution
		SolutionGuid = {A05148A1-9FF6-43B9-ACA0-72A01FD30BE7}
	EndGlobalSection
EndGlobal
